// !$*UTF8*$!
{
	archiveVersion = 1;
	classes = {
	};
	objectVersion = 46;
	objects = {

/* Begin PBXBuildFile section */
		870650261E4AA7430057AED5 /* AppDelegate.swift in Sources */ = {isa = PBXBuildFile; fileRef = 870650251E4AA7430057AED5 /* AppDelegate.swift */; };
		870650281E4AA7430057AED5 /* FeedVC.swift in Sources */ = {isa = PBXBuildFile; fileRef = 870650271E4AA7430057AED5 /* FeedVC.swift */; };
		8706502B1E4AA7440057AED5 /* Main.storyboard in Resources */ = {isa = PBXBuildFile; fileRef = 870650291E4AA7440057AED5 /* Main.storyboard */; };
		8706502E1E4AA7440057AED5 /* Skirt.xcdatamodeld in Sources */ = {isa = PBXBuildFile; fileRef = 8706502C1E4AA7440057AED5 /* Skirt.xcdatamodeld */; };
		870650301E4AA7440057AED5 /* Assets.xcassets in Resources */ = {isa = PBXBuildFile; fileRef = 8706502F1E4AA7440057AED5 /* Assets.xcassets */; };
		870650331E4AA7440057AED5 /* LaunchScreen.storyboard in Resources */ = {isa = PBXBuildFile; fileRef = 870650311E4AA7440057AED5 /* LaunchScreen.storyboard */; };
		8706504F1E4D29E20057AED5 /* Roboto-Italic.ttf in Resources */ = {isa = PBXBuildFile; fileRef = 8706504D1E4D27FC0057AED5 /* Roboto-Italic.ttf */; };
		870650501E4D29E50057AED5 /* Roboto-LightItalic.ttf in Resources */ = {isa = PBXBuildFile; fileRef = 8706504E1E4D27FC0057AED5 /* Roboto-LightItalic.ttf */; };
		8723BD811E776960006DB58B /* EditUserVC.swift in Sources */ = {isa = PBXBuildFile; fileRef = 8723BD801E776960006DB58B /* EditUserVC.swift */; };
		872C10941E77EA3100829FC2 /* SwipeToRightSegue.swift in Sources */ = {isa = PBXBuildFile; fileRef = 872C10931E77EA3100829FC2 /* SwipeToRightSegue.swift */; };
		872C10961E77EA4500829FC2 /* SwipeToRightSegueUnwind.swift in Sources */ = {isa = PBXBuildFile; fileRef = 872C10951E77EA4500829FC2 /* SwipeToRightSegueUnwind.swift */; };
		873133451E736036007A49C4 /* UserVC.swift in Sources */ = {isa = PBXBuildFile; fileRef = 873133441E736036007A49C4 /* UserVC.swift */; };
		873133471E739B25007A49C4 /* UserLooksCell.swift in Sources */ = {isa = PBXBuildFile; fileRef = 873133461E739B25007A49C4 /* UserLooksCell.swift */; };
		873516A61E60DF4F00F5C550 /* LogInVC.swift in Sources */ = {isa = PBXBuildFile; fileRef = 873516A51E60DF4F00F5C550 /* LogInVC.swift */; };
		875CE59C1E4D594000A6B492 /* notes.rtf in Resources */ = {isa = PBXBuildFile; fileRef = 875CE59B1E4D594000A6B492 /* notes.rtf */; };
		875CE5A11E4D6F2F00A6B492 /* Location.swift in Sources */ = {isa = PBXBuildFile; fileRef = 875CE5A01E4D6F2F00A6B492 /* Location.swift */; };
		8793F1A21E664518008DB7C6 /* CreateUsernameVC.swift in Sources */ = {isa = PBXBuildFile; fileRef = 8793F1A11E664518008DB7C6 /* CreateUsernameVC.swift */; };
		87A30DE01E7A6FBA000B0BD5 /* EmojiCollectionVC.swift in Sources */ = {isa = PBXBuildFile; fileRef = 87A30DDF1E7A6FBA000B0BD5 /* EmojiCollectionVC.swift */; };
		87A30DE21E7A838C000B0BD5 /* EmojiCollectionCell.swift in Sources */ = {isa = PBXBuildFile; fileRef = 87A30DE11E7A838C000B0BD5 /* EmojiCollectionCell.swift */; };
		87AA3C211E616E1D00CC5589 /* GoogleService-Info.plist in Resources */ = {isa = PBXBuildFile; fileRef = 87AA3C201E616E1D00CC5589 /* GoogleService-Info.plist */; };
		87B81CC41E627D7D0052C2D2 /* DataService.swift in Sources */ = {isa = PBXBuildFile; fileRef = 87B81CC31E627D7D0052C2D2 /* DataService.swift */; };
		87DB98601E5F7CB300EECC1F /* Roboto-Regular.ttf in Resources */ = {isa = PBXBuildFile; fileRef = 87DB985F1E5F7CB300EECC1F /* Roboto-Regular.ttf */; };
		87EE7C9E1E94315100AB3CE8 /* UIViewController+Alerts.m in Sources */ = {isa = PBXBuildFile; fileRef = 87EE7C9D1E94315100AB3CE8 /* UIViewController+Alerts.m */; };
		87EE9D561E6F788F004FF47E /* CircleImageView.swift in Sources */ = {isa = PBXBuildFile; fileRef = 87EE9D551E6F788F004FF47E /* CircleImageView.swift */; };
		87EE9D581E6F9128004FF47E /* SwipeToLeftSegue.swift in Sources */ = {isa = PBXBuildFile; fileRef = 87EE9D571E6F9128004FF47E /* SwipeToLeftSegue.swift */; };
		87EE9D5A1E6F9144004FF47E /* SwipeToLeftSegueUnwind.swift in Sources */ = {isa = PBXBuildFile; fileRef = 87EE9D591E6F9144004FF47E /* SwipeToLeftSegueUnwind.swift */; };
		87F8F1FC1E4E69F3004C1DA7 /* CurrentWather.swift in Sources */ = {isa = PBXBuildFile; fileRef = 87F8F1FB1E4E69F3004C1DA7 /* CurrentWather.swift */; };
		87F8F2001E4E6C1B004C1DA7 /* Constants.swift in Sources */ = {isa = PBXBuildFile; fileRef = 87F8F1FF1E4E6C1B004C1DA7 /* Constants.swift */; };
		87FF1FF41E6BC5A400072C94 /* LineSeparator.swift in Sources */ = {isa = PBXBuildFile; fileRef = 87FF1FF31E6BC5A400072C94 /* LineSeparator.swift */; };
		87FF1FF61E6BE09F00072C94 /* PostCell.swift in Sources */ = {isa = PBXBuildFile; fileRef = 87FF1FF51E6BE09F00072C94 /* PostCell.swift */; };
		87FF1FF81E6E327F00072C94 /* Post.swift in Sources */ = {isa = PBXBuildFile; fileRef = 87FF1FF71E6E327F00072C94 /* Post.swift */; };
		87FF1FFA1E6E332A00072C94 /* User.swift in Sources */ = {isa = PBXBuildFile; fileRef = 87FF1FF91E6E332A00072C94 /* User.swift */; };
		87FF1FFC1E6E4EFD00072C94 /* PostPicVC.swift in Sources */ = {isa = PBXBuildFile; fileRef = 87FF1FFB1E6E4EFD00072C94 /* PostPicVC.swift */; };
		87FF20031E6E5D1B00072C94 /* AAPLPreviewView.m in Sources */ = {isa = PBXBuildFile; fileRef = 87FF20001E6E5D1B00072C94 /* AAPLPreviewView.m */; };
		87FF20041E6E5D1B00072C94 /* AAPLCameraViewController.m in Sources */ = {isa = PBXBuildFile; fileRef = 87FF20021E6E5D1B00072C94 /* AAPLCameraViewController.m */; };
		87FF200A1E6EB09900072C94 /* EmojiVC.swift in Sources */ = {isa = PBXBuildFile; fileRef = 87FF20091E6EB09900072C94 /* EmojiVC.swift */; };
		CDB6D985F3F3950A39B76931 /* Pods_Skirt.framework in Frameworks */ = {isa = PBXBuildFile; fileRef = 50B029A8CFE0AF8D4AA5613D /* Pods_Skirt.framework */; };
/* End PBXBuildFile section */

/* Begin PBXFileReference section */
		2394E4E5A8BAD846738052FC /* Pods-Skirt.debug.xcconfig */ = {isa = PBXFileReference; includeInIndex = 1; lastKnownFileType = text.xcconfig; name = "Pods-Skirt.debug.xcconfig"; path = "Pods/Target Support Files/Pods-Skirt/Pods-Skirt.debug.xcconfig"; sourceTree = "<group>"; };
		50B029A8CFE0AF8D4AA5613D /* Pods_Skirt.framework */ = {isa = PBXFileReference; explicitFileType = wrapper.framework; includeInIndex = 0; path = Pods_Skirt.framework; sourceTree = BUILT_PRODUCTS_DIR; };
		870650221E4AA7430057AED5 /* Skirt.app */ = {isa = PBXFileReference; explicitFileType = wrapper.application; includeInIndex = 0; path = Skirt.app; sourceTree = BUILT_PRODUCTS_DIR; };
		870650251E4AA7430057AED5 /* AppDelegate.swift */ = {isa = PBXFileReference; lastKnownFileType = sourcecode.swift; path = AppDelegate.swift; sourceTree = "<group>"; };
		870650271E4AA7430057AED5 /* FeedVC.swift */ = {isa = PBXFileReference; lastKnownFileType = sourcecode.swift; path = FeedVC.swift; sourceTree = "<group>"; };
		8706502A1E4AA7440057AED5 /* Base */ = {isa = PBXFileReference; lastKnownFileType = file.storyboard; name = Base; path = Base.lproj/Main.storyboard; sourceTree = "<group>"; };
		8706502D1E4AA7440057AED5 /* Skirt.xcdatamodel */ = {isa = PBXFileReference; lastKnownFileType = wrapper.xcdatamodel; path = Skirt.xcdatamodel; sourceTree = "<group>"; };
		8706502F1E4AA7440057AED5 /* Assets.xcassets */ = {isa = PBXFileReference; lastKnownFileType = folder.assetcatalog; path = Assets.xcassets; sourceTree = "<group>"; };
		870650321E4AA7440057AED5 /* Base */ = {isa = PBXFileReference; lastKnownFileType = file.storyboard; name = Base; path = Base.lproj/LaunchScreen.storyboard; sourceTree = "<group>"; };
		870650341E4AA7440057AED5 /* Info.plist */ = {isa = PBXFileReference; lastKnownFileType = text.plist.xml; path = Info.plist; sourceTree = "<group>"; };
		8706504D1E4D27FC0057AED5 /* Roboto-Italic.ttf */ = {isa = PBXFileReference; lastKnownFileType = file; path = "Roboto-Italic.ttf"; sourceTree = "<group>"; };
		8706504E1E4D27FC0057AED5 /* Roboto-LightItalic.ttf */ = {isa = PBXFileReference; lastKnownFileType = file; path = "Roboto-LightItalic.ttf"; sourceTree = "<group>"; };
		8723BD801E776960006DB58B /* EditUserVC.swift */ = {isa = PBXFileReference; fileEncoding = 4; lastKnownFileType = sourcecode.swift; path = EditUserVC.swift; sourceTree = "<group>"; };
		872C10931E77EA3100829FC2 /* SwipeToRightSegue.swift */ = {isa = PBXFileReference; fileEncoding = 4; lastKnownFileType = sourcecode.swift; path = SwipeToRightSegue.swift; sourceTree = "<group>"; };
		872C10951E77EA4500829FC2 /* SwipeToRightSegueUnwind.swift */ = {isa = PBXFileReference; fileEncoding = 4; lastKnownFileType = sourcecode.swift; path = SwipeToRightSegueUnwind.swift; sourceTree = "<group>"; };
		873133441E736036007A49C4 /* UserVC.swift */ = {isa = PBXFileReference; fileEncoding = 4; lastKnownFileType = sourcecode.swift; path = UserVC.swift; sourceTree = "<group>"; };
		873133461E739B25007A49C4 /* UserLooksCell.swift */ = {isa = PBXFileReference; fileEncoding = 4; lastKnownFileType = sourcecode.swift; path = UserLooksCell.swift; sourceTree = "<group>"; };
		873516A51E60DF4F00F5C550 /* LogInVC.swift */ = {isa = PBXFileReference; fileEncoding = 4; lastKnownFileType = sourcecode.swift; path = LogInVC.swift; sourceTree = "<group>"; };
		875CE59B1E4D594000A6B492 /* notes.rtf */ = {isa = PBXFileReference; fileEncoding = 4; lastKnownFileType = text.rtf; path = notes.rtf; sourceTree = "<group>"; };
		875CE5A01E4D6F2F00A6B492 /* Location.swift */ = {isa = PBXFileReference; fileEncoding = 4; lastKnownFileType = sourcecode.swift; path = Location.swift; sourceTree = "<group>"; };
		8793F1A11E664518008DB7C6 /* CreateUsernameVC.swift */ = {isa = PBXFileReference; fileEncoding = 4; lastKnownFileType = sourcecode.swift; path = CreateUsernameVC.swift; sourceTree = "<group>"; };
		87A30DDF1E7A6FBA000B0BD5 /* EmojiCollectionVC.swift */ = {isa = PBXFileReference; fileEncoding = 4; lastKnownFileType = sourcecode.swift; path = EmojiCollectionVC.swift; sourceTree = "<group>"; };
		87A30DE11E7A838C000B0BD5 /* EmojiCollectionCell.swift */ = {isa = PBXFileReference; fileEncoding = 4; lastKnownFileType = sourcecode.swift; path = EmojiCollectionCell.swift; sourceTree = "<group>"; };
		87AA3C1F1E616BAC00CC5589 /* Skirt.entitlements */ = {isa = PBXFileReference; lastKnownFileType = text.plist.entitlements; path = Skirt.entitlements; sourceTree = "<group>"; };
		87AA3C201E616E1D00CC5589 /* GoogleService-Info.plist */ = {isa = PBXFileReference; fileEncoding = 4; lastKnownFileType = text.plist.xml; path = "GoogleService-Info.plist"; sourceTree = "<group>"; };
		87B81CC31E627D7D0052C2D2 /* DataService.swift */ = {isa = PBXFileReference; fileEncoding = 4; lastKnownFileType = sourcecode.swift; path = DataService.swift; sourceTree = "<group>"; };
		87DB985F1E5F7CB300EECC1F /* Roboto-Regular.ttf */ = {isa = PBXFileReference; lastKnownFileType = file; path = "Roboto-Regular.ttf"; sourceTree = "<group>"; };
		87EE7C9C1E94315100AB3CE8 /* UIViewController+Alerts.h */ = {isa = PBXFileReference; fileEncoding = 4; lastKnownFileType = sourcecode.c.h; path = "UIViewController+Alerts.h"; sourceTree = "<group>"; };
		87EE7C9D1E94315100AB3CE8 /* UIViewController+Alerts.m */ = {isa = PBXFileReference; fileEncoding = 4; lastKnownFileType = sourcecode.c.objc; path = "UIViewController+Alerts.m"; sourceTree = "<group>"; };
		87EE9D551E6F788F004FF47E /* CircleImageView.swift */ = {isa = PBXFileReference; fileEncoding = 4; lastKnownFileType = sourcecode.swift; path = CircleImageView.swift; sourceTree = "<group>"; };
		87EE9D571E6F9128004FF47E /* SwipeToLeftSegue.swift */ = {isa = PBXFileReference; fileEncoding = 4; lastKnownFileType = sourcecode.swift; path = SwipeToLeftSegue.swift; sourceTree = "<group>"; };
		87EE9D591E6F9144004FF47E /* SwipeToLeftSegueUnwind.swift */ = {isa = PBXFileReference; fileEncoding = 4; lastKnownFileType = sourcecode.swift; path = SwipeToLeftSegueUnwind.swift; sourceTree = "<group>"; };
		87F8F1FB1E4E69F3004C1DA7 /* CurrentWather.swift */ = {isa = PBXFileReference; fileEncoding = 4; lastKnownFileType = sourcecode.swift; path = CurrentWather.swift; sourceTree = "<group>"; };
		87F8F1FF1E4E6C1B004C1DA7 /* Constants.swift */ = {isa = PBXFileReference; fileEncoding = 4; lastKnownFileType = sourcecode.swift; path = Constants.swift; sourceTree = "<group>"; };
		87FF1FF31E6BC5A400072C94 /* LineSeparator.swift */ = {isa = PBXFileReference; fileEncoding = 4; lastKnownFileType = sourcecode.swift; path = LineSeparator.swift; sourceTree = "<group>"; };
		87FF1FF51E6BE09F00072C94 /* PostCell.swift */ = {isa = PBXFileReference; fileEncoding = 4; lastKnownFileType = sourcecode.swift; path = PostCell.swift; sourceTree = "<group>"; };
		87FF1FF71E6E327F00072C94 /* Post.swift */ = {isa = PBXFileReference; fileEncoding = 4; lastKnownFileType = sourcecode.swift; path = Post.swift; sourceTree = "<group>"; };
		87FF1FF91E6E332A00072C94 /* User.swift */ = {isa = PBXFileReference; fileEncoding = 4; lastKnownFileType = sourcecode.swift; path = User.swift; sourceTree = "<group>"; };
		87FF1FFB1E6E4EFD00072C94 /* PostPicVC.swift */ = {isa = PBXFileReference; fileEncoding = 4; lastKnownFileType = sourcecode.swift; path = PostPicVC.swift; sourceTree = "<group>"; };
		87FF1FFD1E6E5D1B00072C94 /* Skirt-Bridging-Header.h */ = {isa = PBXFileReference; lastKnownFileType = sourcecode.c.h; path = "Skirt-Bridging-Header.h"; sourceTree = "<group>"; };
		87FF1FFE1E6E5D1B00072C94 /* AAPLCameraVCDelegate.h */ = {isa = PBXFileReference; fileEncoding = 4; lastKnownFileType = sourcecode.c.h; path = AAPLCameraVCDelegate.h; sourceTree = "<group>"; };
		87FF1FFF1E6E5D1B00072C94 /* AAPLPreviewView.h */ = {isa = PBXFileReference; fileEncoding = 4; lastKnownFileType = sourcecode.c.h; path = AAPLPreviewView.h; sourceTree = "<group>"; };
		87FF20001E6E5D1B00072C94 /* AAPLPreviewView.m */ = {isa = PBXFileReference; fileEncoding = 4; lastKnownFileType = sourcecode.c.objc; path = AAPLPreviewView.m; sourceTree = "<group>"; };
		87FF20011E6E5D1B00072C94 /* AAPLCameraViewController.h */ = {isa = PBXFileReference; fileEncoding = 4; lastKnownFileType = sourcecode.c.h; path = AAPLCameraViewController.h; sourceTree = "<group>"; };
		87FF20021E6E5D1B00072C94 /* AAPLCameraViewController.m */ = {isa = PBXFileReference; fileEncoding = 4; lastKnownFileType = sourcecode.c.objc; path = AAPLCameraViewController.m; sourceTree = "<group>"; };
		87FF20091E6EB09900072C94 /* EmojiVC.swift */ = {isa = PBXFileReference; fileEncoding = 4; lastKnownFileType = sourcecode.swift; path = EmojiVC.swift; sourceTree = "<group>"; };
		B8C33E57D35C2D24108E9E3E /* Pods-Skirt.release.xcconfig */ = {isa = PBXFileReference; includeInIndex = 1; lastKnownFileType = text.xcconfig; name = "Pods-Skirt.release.xcconfig"; path = "Pods/Target Support Files/Pods-Skirt/Pods-Skirt.release.xcconfig"; sourceTree = "<group>"; };
/* End PBXFileReference section */

/* Begin PBXFrameworksBuildPhase section */
		8706501F1E4AA7430057AED5 /* Frameworks */ = {
			isa = PBXFrameworksBuildPhase;
			buildActionMask = 2147483647;
			files = (
				CDB6D985F3F3950A39B76931 /* Pods_Skirt.framework in Frameworks */,
			);
			runOnlyForDeploymentPostprocessing = 0;
		};
/* End PBXFrameworksBuildPhase section */

/* Begin PBXGroup section */
		870650191E4AA7430057AED5 = {
			isa = PBXGroup;
			children = (
				870650241E4AA7430057AED5 /* Skirt */,
				870650231E4AA7430057AED5 /* Products */,
				DF65E9CDBBBF33CF67E52E09 /* Pods */,
				CE4B4BDFBEBE34693C2D87AA /* Frameworks */,
			);
			sourceTree = "<group>";
		};
		870650231E4AA7430057AED5 /* Products */ = {
			isa = PBXGroup;
			children = (
				870650221E4AA7430057AED5 /* Skirt.app */,
			);
			name = Products;
			sourceTree = "<group>";
		};
		870650241E4AA7430057AED5 /* Skirt */ = {
			isa = PBXGroup;
			children = (
				87AA3C1F1E616BAC00CC5589 /* Skirt.entitlements */,
				870650251E4AA7430057AED5 /* AppDelegate.swift */,
				87B81CC31E627D7D0052C2D2 /* DataService.swift */,
				87F8F1FF1E4E6C1B004C1DA7 /* Constants.swift */,
				87F8F1FE1E4E6A18004C1DA7 /* Model */,
				8711B9721E610B88007F344B /* View */,
				87F8F1FD1E4E6A09004C1DA7 /* Controller */,
				87FF20051E6E5D3600072C94 /* Protocols */,
				870650291E4AA7440057AED5 /* Main.storyboard */,
				87FF1FFD1E6E5D1B00072C94 /* Skirt-Bridging-Header.h */,
				875CE59B1E4D594000A6B492 /* notes.rtf */,
				8706502F1E4AA7440057AED5 /* Assets.xcassets */,
				870650341E4AA7440057AED5 /* Info.plist */,
				87AA3C201E616E1D00CC5589 /* GoogleService-Info.plist */,
				8706502C1E4AA7440057AED5 /* Skirt.xcdatamodeld */,
				8706504D1E4D27FC0057AED5 /* Roboto-Italic.ttf */,
				8706504E1E4D27FC0057AED5 /* Roboto-LightItalic.ttf */,
				87DB985F1E5F7CB300EECC1F /* Roboto-Regular.ttf */,
				870650311E4AA7440057AED5 /* LaunchScreen.storyboard */,
				87EE7C9C1E94315100AB3CE8 /* UIViewController+Alerts.h */,
				87EE7C9D1E94315100AB3CE8 /* UIViewController+Alerts.m */,
			);
			path = Skirt;
			sourceTree = "<group>";
		};
		8711B9721E610B88007F344B /* View */ = {
			isa = PBXGroup;
			children = (
				87FF1FF51E6BE09F00072C94 /* PostCell.swift */,
				87FF1FF31E6BC5A400072C94 /* LineSeparator.swift */,
				87FF1FFF1E6E5D1B00072C94 /* AAPLPreviewView.h */,
				87FF20001E6E5D1B00072C94 /* AAPLPreviewView.m */,
				87EE9D551E6F788F004FF47E /* CircleImageView.swift */,
				87EE9D571E6F9128004FF47E /* SwipeToLeftSegue.swift */,
				87EE9D591E6F9144004FF47E /* SwipeToLeftSegueUnwind.swift */,
				872C10931E77EA3100829FC2 /* SwipeToRightSegue.swift */,
				872C10951E77EA4500829FC2 /* SwipeToRightSegueUnwind.swift */,
				873133461E739B25007A49C4 /* UserLooksCell.swift */,
				87A30DE11E7A838C000B0BD5 /* EmojiCollectionCell.swift */,
			);
			name = View;
			sourceTree = "<group>";
		};
		87F8F1FD1E4E6A09004C1DA7 /* Controller */ = {
			isa = PBXGroup;
			children = (
				87FF20011E6E5D1B00072C94 /* AAPLCameraViewController.h */,
				87FF20021E6E5D1B00072C94 /* AAPLCameraViewController.m */,
				873516A51E60DF4F00F5C550 /* LogInVC.swift */,
				8793F1A11E664518008DB7C6 /* CreateUsernameVC.swift */,
				870650271E4AA7430057AED5 /* FeedVC.swift */,
				87FF1FFB1E6E4EFD00072C94 /* PostPicVC.swift */,
				87FF20091E6EB09900072C94 /* EmojiVC.swift */,
				873133441E736036007A49C4 /* UserVC.swift */,
				8723BD801E776960006DB58B /* EditUserVC.swift */,
				87A30DDF1E7A6FBA000B0BD5 /* EmojiCollectionVC.swift */,
			);
			name = Controller;
			sourceTree = "<group>";
		};
		87F8F1FE1E4E6A18004C1DA7 /* Model */ = {
			isa = PBXGroup;
			children = (
				875CE5A01E4D6F2F00A6B492 /* Location.swift */,
				87F8F1FB1E4E69F3004C1DA7 /* CurrentWather.swift */,
				87FF1FF71E6E327F00072C94 /* Post.swift */,
				87FF1FF91E6E332A00072C94 /* User.swift */,
			);
			name = Model;
			sourceTree = "<group>";
		};
		87FF20051E6E5D3600072C94 /* Protocols */ = {
			isa = PBXGroup;
			children = (
				87FF1FFE1E6E5D1B00072C94 /* AAPLCameraVCDelegate.h */,
			);
			name = Protocols;
			sourceTree = "<group>";
		};
		CE4B4BDFBEBE34693C2D87AA /* Frameworks */ = {
			isa = PBXGroup;
			children = (
				50B029A8CFE0AF8D4AA5613D /* Pods_Skirt.framework */,
			);
			name = Frameworks;
			sourceTree = "<group>";
		};
		DF65E9CDBBBF33CF67E52E09 /* Pods */ = {
			isa = PBXGroup;
			children = (
				2394E4E5A8BAD846738052FC /* Pods-Skirt.debug.xcconfig */,
				B8C33E57D35C2D24108E9E3E /* Pods-Skirt.release.xcconfig */,
			);
			name = Pods;
			sourceTree = "<group>";
		};
/* End PBXGroup section */

/* Begin PBXNativeTarget section */
		870650211E4AA7430057AED5 /* Skirt */ = {
			isa = PBXNativeTarget;
			buildConfigurationList = 870650371E4AA7440057AED5 /* Build configuration list for PBXNativeTarget "Skirt" */;
			buildPhases = (
				53E923C4E55369C88CABF46B /* [CP] Check Pods Manifest.lock */,
				8706501E1E4AA7430057AED5 /* Sources */,
				8706501F1E4AA7430057AED5 /* Frameworks */,
				870650201E4AA7430057AED5 /* Resources */,
				C7AD871FEFD774BCFCCCC978 /* [CP] Embed Pods Frameworks */,
				5D1A10DD6FEAE718EE66285F /* [CP] Copy Pods Resources */,
			);
			buildRules = (
			);
			dependencies = (
			);
			name = Skirt;
			productName = Skirt;
			productReference = 870650221E4AA7430057AED5 /* Skirt.app */;
			productType = "com.apple.product-type.application";
		};
/* End PBXNativeTarget section */

/* Begin PBXProject section */
		8706501A1E4AA7430057AED5 /* Project object */ = {
			isa = PBXProject;
			attributes = {
				LastSwiftUpdateCheck = 0820;
				LastUpgradeCheck = 0820;
				ORGANIZATIONNAME = "Evgeny Vlasov";
				TargetAttributes = {
					870650211E4AA7430057AED5 = {
						CreatedOnToolsVersion = 8.2.1;
						DevelopmentTeam = PC6ZE95SDH;
						LastSwiftMigration = 0820;
						ProvisioningStyle = Automatic;
						SystemCapabilities = {
							com.apple.Keychain = {
								enabled = 1;
							};
						};
					};
				};
			};
			buildConfigurationList = 8706501D1E4AA7430057AED5 /* Build configuration list for PBXProject "Skirt" */;
			compatibilityVersion = "Xcode 3.2";
			developmentRegion = English;
			hasScannedForEncodings = 0;
			knownRegions = (
				en,
				Base,
			);
			mainGroup = 870650191E4AA7430057AED5;
			productRefGroup = 870650231E4AA7430057AED5 /* Products */;
			projectDirPath = "";
			projectRoot = "";
			targets = (
				870650211E4AA7430057AED5 /* Skirt */,
			);
		};
/* End PBXProject section */

/* Begin PBXResourcesBuildPhase section */
		870650201E4AA7430057AED5 /* Resources */ = {
			isa = PBXResourcesBuildPhase;
			buildActionMask = 2147483647;
			files = (
				875CE59C1E4D594000A6B492 /* notes.rtf in Resources */,
				87AA3C211E616E1D00CC5589 /* GoogleService-Info.plist in Resources */,
				87DB98601E5F7CB300EECC1F /* Roboto-Regular.ttf in Resources */,
				870650331E4AA7440057AED5 /* LaunchScreen.storyboard in Resources */,
				8706504F1E4D29E20057AED5 /* Roboto-Italic.ttf in Resources */,
				870650501E4D29E50057AED5 /* Roboto-LightItalic.ttf in Resources */,
				870650301E4AA7440057AED5 /* Assets.xcassets in Resources */,
				8706502B1E4AA7440057AED5 /* Main.storyboard in Resources */,
			);
			runOnlyForDeploymentPostprocessing = 0;
		};
/* End PBXResourcesBuildPhase section */

/* Begin PBXShellScriptBuildPhase section */
		53E923C4E55369C88CABF46B /* [CP] Check Pods Manifest.lock */ = {
			isa = PBXShellScriptBuildPhase;
			buildActionMask = 2147483647;
			files = (
			);
			inputPaths = (
			);
			name = "[CP] Check Pods Manifest.lock";
			outputPaths = (
			);
			runOnlyForDeploymentPostprocessing = 0;
			shellPath = /bin/sh;
			shellScript = "diff \"${PODS_ROOT}/../Podfile.lock\" \"${PODS_ROOT}/Manifest.lock\" > /dev/null\nif [ $? != 0 ] ; then\n    # print error to STDERR\n    echo \"error: The sandbox is not in sync with the Podfile.lock. Run 'pod install' or update your CocoaPods installation.\" >&2\n    exit 1\nfi\n";
			showEnvVarsInLog = 0;
		};
		5D1A10DD6FEAE718EE66285F /* [CP] Copy Pods Resources */ = {
			isa = PBXShellScriptBuildPhase;
			buildActionMask = 2147483647;
			files = (
			);
			inputPaths = (
			);
			name = "[CP] Copy Pods Resources";
			outputPaths = (
			);
			runOnlyForDeploymentPostprocessing = 0;
			shellPath = /bin/sh;
			shellScript = "\"${SRCROOT}/Pods/Target Support Files/Pods-Skirt/Pods-Skirt-resources.sh\"\n";
			showEnvVarsInLog = 0;
		};
		C7AD871FEFD774BCFCCCC978 /* [CP] Embed Pods Frameworks */ = {
			isa = PBXShellScriptBuildPhase;
			buildActionMask = 2147483647;
			files = (
			);
			inputPaths = (
			);
			name = "[CP] Embed Pods Frameworks";
			outputPaths = (
			);
			runOnlyForDeploymentPostprocessing = 0;
			shellPath = /bin/sh;
			shellScript = "\"${SRCROOT}/Pods/Target Support Files/Pods-Skirt/Pods-Skirt-frameworks.sh\"\n";
			showEnvVarsInLog = 0;
		};
/* End PBXShellScriptBuildPhase section */

/* Begin PBXSourcesBuildPhase section */
		8706501E1E4AA7430057AED5 /* Sources */ = {
			isa = PBXSourcesBuildPhase;
			buildActionMask = 2147483647;
			files = (
				87EE9D561E6F788F004FF47E /* CircleImageView.swift in Sources */,
				872C10961E77EA4500829FC2 /* SwipeToRightSegueUnwind.swift in Sources */,
				87FF1FFA1E6E332A00072C94 /* User.swift in Sources */,
				87FF1FFC1E6E4EFD00072C94 /* PostPicVC.swift in Sources */,
				87EE9D5A1E6F9144004FF47E /* SwipeToLeftSegueUnwind.swift in Sources */,
				87FF20031E6E5D1B00072C94 /* AAPLPreviewView.m in Sources */,
				8706502E1E4AA7440057AED5 /* Skirt.xcdatamodeld in Sources */,
				870650281E4AA7430057AED5 /* FeedVC.swift in Sources */,
				873133451E736036007A49C4 /* UserVC.swift in Sources */,
				87F8F1FC1E4E69F3004C1DA7 /* CurrentWather.swift in Sources */,
				87FF1FF81E6E327F00072C94 /* Post.swift in Sources */,
				873516A61E60DF4F00F5C550 /* LogInVC.swift in Sources */,
				87FF200A1E6EB09900072C94 /* EmojiVC.swift in Sources */,
				875CE5A11E4D6F2F00A6B492 /* Location.swift in Sources */,
				87EE9D581E6F9128004FF47E /* SwipeToLeftSegue.swift in Sources */,
				87EE7C9E1E94315100AB3CE8 /* UIViewController+Alerts.m in Sources */,
				870650261E4AA7430057AED5 /* AppDelegate.swift in Sources */,
				87A30DE21E7A838C000B0BD5 /* EmojiCollectionCell.swift in Sources */,
				87F8F2001E4E6C1B004C1DA7 /* Constants.swift in Sources */,
				87FF20041E6E5D1B00072C94 /* AAPLCameraViewController.m in Sources */,
				8723BD811E776960006DB58B /* EditUserVC.swift in Sources */,
				87FF1FF41E6BC5A400072C94 /* LineSeparator.swift in Sources */,
				87A30DE01E7A6FBA000B0BD5 /* EmojiCollectionVC.swift in Sources */,
				87FF1FF61E6BE09F00072C94 /* PostCell.swift in Sources */,
				872C10941E77EA3100829FC2 /* SwipeToRightSegue.swift in Sources */,
				8793F1A21E664518008DB7C6 /* CreateUsernameVC.swift in Sources */,
				87B81CC41E627D7D0052C2D2 /* DataService.swift in Sources */,
				873133471E739B25007A49C4 /* UserLooksCell.swift in Sources */,
			);
			runOnlyForDeploymentPostprocessing = 0;
		};
/* End PBXSourcesBuildPhase section */

/* Begin PBXVariantGroup section */
		870650291E4AA7440057AED5 /* Main.storyboard */ = {
			isa = PBXVariantGroup;
			children = (
				8706502A1E4AA7440057AED5 /* Base */,
			);
			name = Main.storyboard;
			sourceTree = "<group>";
		};
		870650311E4AA7440057AED5 /* LaunchScreen.storyboard */ = {
			isa = PBXVariantGroup;
			children = (
				870650321E4AA7440057AED5 /* Base */,
			);
			name = LaunchScreen.storyboard;
			sourceTree = "<group>";
		};
/* End PBXVariantGroup section */

/* Begin XCBuildConfiguration section */
		870650351E4AA7440057AED5 /* Debug */ = {
			isa = XCBuildConfiguration;
			buildSettings = {
				ALWAYS_SEARCH_USER_PATHS = NO;
				CLANG_ANALYZER_NONNULL = YES;
				CLANG_CXX_LANGUAGE_STANDARD = "gnu++0x";
				CLANG_CXX_LIBRARY = "libc++";
				CLANG_ENABLE_MODULES = YES;
				CLANG_ENABLE_OBJC_ARC = YES;
				CLANG_WARN_BOOL_CONVERSION = YES;
				CLANG_WARN_CONSTANT_CONVERSION = YES;
				CLANG_WARN_DIRECT_OBJC_ISA_USAGE = YES_ERROR;
				CLANG_WARN_DOCUMENTATION_COMMENTS = YES;
				CLANG_WARN_EMPTY_BODY = YES;
				CLANG_WARN_ENUM_CONVERSION = YES;
				CLANG_WARN_INFINITE_RECURSION = YES;
				CLANG_WARN_INT_CONVERSION = YES;
				CLANG_WARN_OBJC_ROOT_CLASS = YES_ERROR;
				CLANG_WARN_SUSPICIOUS_MOVE = YES;
				CLANG_WARN_UNREACHABLE_CODE = YES;
				CLANG_WARN__DUPLICATE_METHOD_MATCH = YES;
				"CODE_SIGN_IDENTITY[sdk=iphoneos*]" = "iPhone Developer";
				COPY_PHASE_STRIP = NO;
				DEBUG_INFORMATION_FORMAT = dwarf;
				ENABLE_STRICT_OBJC_MSGSEND = YES;
				ENABLE_TESTABILITY = YES;
				GCC_C_LANGUAGE_STANDARD = gnu99;
				GCC_DYNAMIC_NO_PIC = NO;
				GCC_NO_COMMON_BLOCKS = YES;
				GCC_OPTIMIZATION_LEVEL = 0;
				GCC_PREPROCESSOR_DEFINITIONS = (
					"DEBUG=1",
					"$(inherited)",
				);
				GCC_WARN_64_TO_32_BIT_CONVERSION = YES;
				GCC_WARN_ABOUT_RETURN_TYPE = YES_ERROR;
				GCC_WARN_UNDECLARED_SELECTOR = YES;
				GCC_WARN_UNINITIALIZED_AUTOS = YES_AGGRESSIVE;
				GCC_WARN_UNUSED_FUNCTION = YES;
				GCC_WARN_UNUSED_VARIABLE = YES;
				IPHONEOS_DEPLOYMENT_TARGET = 10.2;
				MTL_ENABLE_DEBUG_INFO = YES;
				ONLY_ACTIVE_ARCH = YES;
				SDKROOT = iphoneos;
				SWIFT_ACTIVE_COMPILATION_CONDITIONS = DEBUG;
				SWIFT_OPTIMIZATION_LEVEL = "-Onone";
				TARGETED_DEVICE_FAMILY = "1,2";
			};
			name = Debug;
		};
		870650361E4AA7440057AED5 /* Release */ = {
			isa = XCBuildConfiguration;
			buildSettings = {
				ALWAYS_SEARCH_USER_PATHS = NO;
				CLANG_ANALYZER_NONNULL = YES;
				CLANG_CXX_LANGUAGE_STANDARD = "gnu++0x";
				CLANG_CXX_LIBRARY = "libc++";
				CLANG_ENABLE_MODULES = YES;
				CLANG_ENABLE_OBJC_ARC = YES;
				CLANG_WARN_BOOL_CONVERSION = YES;
				CLANG_WARN_CONSTANT_CONVERSION = YES;
				CLANG_WARN_DIRECT_OBJC_ISA_USAGE = YES_ERROR;
				CLANG_WARN_DOCUMENTATION_COMMENTS = YES;
				CLANG_WARN_EMPTY_BODY = YES;
				CLANG_WARN_ENUM_CONVERSION = YES;
				CLANG_WARN_INFINITE_RECURSION = YES;
				CLANG_WARN_INT_CONVERSION = YES;
				CLANG_WARN_OBJC_ROOT_CLASS = YES_ERROR;
				CLANG_WARN_SUSPICIOUS_MOVE = YES;
				CLANG_WARN_UNREACHABLE_CODE = YES;
				CLANG_WARN__DUPLICATE_METHOD_MATCH = YES;
				"CODE_SIGN_IDENTITY[sdk=iphoneos*]" = "iPhone Developer";
				COPY_PHASE_STRIP = NO;
				DEBUG_INFORMATION_FORMAT = "dwarf-with-dsym";
				ENABLE_NS_ASSERTIONS = NO;
				ENABLE_STRICT_OBJC_MSGSEND = YES;
				GCC_C_LANGUAGE_STANDARD = gnu99;
				GCC_NO_COMMON_BLOCKS = YES;
				GCC_WARN_64_TO_32_BIT_CONVERSION = YES;
				GCC_WARN_ABOUT_RETURN_TYPE = YES_ERROR;
				GCC_WARN_UNDECLARED_SELECTOR = YES;
				GCC_WARN_UNINITIALIZED_AUTOS = YES_AGGRESSIVE;
				GCC_WARN_UNUSED_FUNCTION = YES;
				GCC_WARN_UNUSED_VARIABLE = YES;
				IPHONEOS_DEPLOYMENT_TARGET = 10.2;
				MTL_ENABLE_DEBUG_INFO = NO;
				SDKROOT = iphoneos;
				SWIFT_OPTIMIZATION_LEVEL = "-Owholemodule";
				TARGETED_DEVICE_FAMILY = "1,2";
				VALIDATE_PRODUCT = YES;
			};
			name = Release;
		};
		870650381E4AA7440057AED5 /* Debug */ = {
			isa = XCBuildConfiguration;
			baseConfigurationReference = 2394E4E5A8BAD846738052FC /* Pods-Skirt.debug.xcconfig */;
			buildSettings = {
				ALWAYS_EMBED_SWIFT_STANDARD_LIBRARIES = YES;
				ASSETCATALOG_COMPILER_APPICON_NAME = AppIcon;
				CLANG_ENABLE_MODULES = YES;
				CODE_SIGN_ENTITLEMENTS = Skirt/Skirt.entitlements;
				CODE_SIGN_IDENTITY = "iPhone Distribution: Evgeny Vlasov (PC6ZE95SDH)";
				"CODE_SIGN_IDENTITY[sdk=iphoneos*]" = "iPhone Developer";
				DEVELOPMENT_TEAM = "";
				INFOPLIST_FILE = Skirt/Info.plist;
				IPHONEOS_DEPLOYMENT_TARGET = 10.1;
				LD_RUNPATH_SEARCH_PATHS = "$(inherited) @executable_path/Frameworks";
				PRODUCT_BUNDLE_IDENTIFIER = com.evgenyvlasov.Skirt;
				PRODUCT_NAME = "$(TARGET_NAME)";
				PROVISIONING_PROFILE = "";
				PROVISIONING_PROFILE_SPECIFIER = "";
				SWIFT_OBJC_BRIDGING_HEADER = "Skirt/Skirt-Bridging-Header.h";
				SWIFT_OPTIMIZATION_LEVEL = "-Onone";
				SWIFT_VERSION = 3.0;
				TARGETED_DEVICE_FAMILY = 1;
			};
			name = Debug;
		};
		870650391E4AA7440057AED5 /* Release */ = {
			isa = XCBuildConfiguration;
			baseConfigurationReference = B8C33E57D35C2D24108E9E3E /* Pods-Skirt.release.xcconfig */;
			buildSettings = {
				ALWAYS_EMBED_SWIFT_STANDARD_LIBRARIES = YES;
				ASSETCATALOG_COMPILER_APPICON_NAME = AppIcon;
				CLANG_ENABLE_MODULES = YES;
				CODE_SIGN_ENTITLEMENTS = Skirt/Skirt.entitlements;
				CODE_SIGN_IDENTITY = "iPhone Distribution: Evgeny Vlasov (PC6ZE95SDH)";
				"CODE_SIGN_IDENTITY[sdk=iphoneos*]" = "iPhone Developer";
				DEVELOPMENT_TEAM = "";
				INFOPLIST_FILE = Skirt/Info.plist;
				IPHONEOS_DEPLOYMENT_TARGET = 10.1;
				LD_RUNPATH_SEARCH_PATHS = "$(inherited) @executable_path/Frameworks";
				PRODUCT_BUNDLE_IDENTIFIER = com.evgenyvlasov.Skirt;
				PRODUCT_NAME = "$(TARGET_NAME)";
				PROVISIONING_PROFILE = "";
				PROVISIONING_PROFILE_SPECIFIER = "";
				SWIFT_OBJC_BRIDGING_HEADER = "Skirt/Skirt-Bridging-Header.h";
				SWIFT_VERSION = 3.0;
				TARGETED_DEVICE_FAMILY = 1;
			};
			name = Release;
		};
/* End XCBuildConfiguration section */

/* Begin XCConfigurationList section */
		8706501D1E4AA7430057AED5 /* Build configuration list for PBXProject "Skirt" */ = {
			isa = XCConfigurationList;
			buildConfigurations = (
				870650351E4AA7440057AED5 /* Debug */,
				870650361E4AA7440057AED5 /* Release */,
			);
			defaultConfigurationIsVisible = 0;
			defaultConfigurationName = Release;
		};
		870650371E4AA7440057AED5 /* Build configuration list for PBXNativeTarget "Skirt" */ = {
			isa = XCConfigurationList;
			buildConfigurations = (
				870650381E4AA7440057AED5 /* Debug */,
				870650391E4AA7440057AED5 /* Release */,
			);
			defaultConfigurationIsVisible = 0;
			defaultConfigurationName = Release;
		};
/* End XCConfigurationList section */

/* Begin XCVersionGroup section */
		8706502C1E4AA7440057AED5 /* Skirt.xcdatamodeld */ = {
			isa = XCVersionGroup;
			children = (
				8706502D1E4AA7440057AED5 /* Skirt.xcdatamodel */,
			);
			currentVersion = 8706502D1E4AA7440057AED5 /* Skirt.xcdatamodel */;
			path = Skirt.xcdatamodeld;
			sourceTree = "<group>";
			versionGroupType = wrapper.xcdatamodel;
		};
/* End XCVersionGroup section */
	};
	rootObject = 8706501A1E4AA7430057AED5 /* Project object */;
}
